
Microsoft Visual Studio Solution File, Format Version 12.00
# Visual Studio 15
VisualStudioVersion = 15.0.28010.2003
MinimumVisualStudioVersion = 10.0.40219.1
Project("{FAE04EC0-301F-11D3-BF4B-00C04F79EFBC}") = "ArtilleryToElastic", "ArtilleryToElastic\ArtilleryToElastic.csproj", "{DB826AE2-8966-443C-BE33-C83EFC1C80C0}"
EndProject
Global
	GlobalSection(SolutionConfigurationPlatforms) = preSolution
		Debug|Any CPU = Debug|Any CPU
		Release|Any CPU = Release|Any CPU
	EndGlobalSection
	GlobalSection(ProjectConfigurationPlatforms) = postSolution
		{DB826AE2-8966-443C-BE33-C83EFC1C80C0}.Debug|Any CPU.ActiveCfg = Debug|Any CPU
		{DB826AE2-8966-443C-BE33-C83EFC1C80C0}.Debug|Any CPU.Build.0 = Debug|Any CPU
		{DB826AE2-8966-443C-BE33-C83EFC1C80C0}.Release|Any CPU.ActiveCfg = Release|Any CPU
		{DB826AE2-8966-443C-BE33-C83EFC1C80C0}.Release|Any CPU.Build.0 = Release|Any CPU
	EndGlobalSection
	GlobalSection(SolutionProperties) = preSolution
		HideSolutionNode = FALSE
	EndGlobalSection
	GlobalSection(ExtensibilityGlobals) = postSolution
		SolutionGuid = {31FFF9EE-47D0-4E40-95DB-30C68FD5F7E4}
	EndGlobalSection
EndGlobal
