
Microsoft Visual Studio Solution File, Format Version 12.00
# Visual Studio Version 16
VisualStudioVersion = 16.0.29020.237
MinimumVisualStudioVersion = 10.0.40219.1
Project("{9A19103F-16F7-4668-BE54-9A1E7A4F7556}") = "ArtilleryToElastic", "ArtilleryToElastic\ArtilleryToElastic.csproj", "{DB826AE2-8966-443C-BE33-C83EFC1C80C0}"
EndProject
Global
	GlobalSection(SolutionConfigurationPlatforms) = preSolution
		Debug|Any CPU = Debug|Any CPU
		Release|Any CPU = Release|Any CPU
	EndGlobalSection
	GlobalSection(ProjectConfigurationPlatforms) = postSolution
		{DB826AE2-8966-443C-BE33-C83EFC1C80C0}.Debug|Any CPU.ActiveCfg = Debug|Any CPU
		{DB826AE2-8966-443C-BE33-C83EFC1C80C0}.Debug|Any CPU.Build.0 = Debug|Any CPU
		{DB826AE2-8966-443C-BE33-C83EFC1C80C0}.Release|Any CPU.ActiveCfg = Release|Any CPU
		{DB826AE2-8966-443C-BE33-C83EFC1C80C0}.Release|Any CPU.Build.0 = Release|Any CPU
	EndGlobalSection
	GlobalSection(SolutionProperties) = preSolution
		HideSolutionNode = FALSE
	EndGlobalSection
	GlobalSection(ExtensibilityGlobals) = postSolution
		SolutionGuid = {31FFF9EE-47D0-4E40-95DB-30C68FD5F7E4}
	EndGlobalSection
EndGlobal
